// !$*UTF8*$!
{
	archiveVersion = 1;
	classes = {
	};
	objectVersion = 46;
	objects = {

/* Begin PBXBuildFile section */
		96CCB5D91596787100CEC1BD /* TNBLoginManager.m in Sources */ = {isa = PBXBuildFile; fileRef = 96CCB5D81596787100CEC1BD /* TNBLoginManager.m */; };
		96CCB5DD1596791D00CEC1BD /* TNBCurrentUser.m in Sources */ = {isa = PBXBuildFile; fileRef = 96CCB5DC1596791D00CEC1BD /* TNBCurrentUser.m */; };
		96CCB5E115967BC700CEC1BD /* TNBLoginViewController.m in Sources */ = {isa = PBXBuildFile; fileRef = 96CCB5E015967BC700CEC1BD /* TNBLoginViewController.m */; };
		96CCB5EE15968F8000CEC1BD /* NSString+downloadHash.m in Sources */ = {isa = PBXBuildFile; fileRef = 96CCB5E915968F8000CEC1BD /* NSString+downloadHash.m */; };
		96CCB5EF15968F8000CEC1BD /* NSString+MD5.m in Sources */ = {isa = PBXBuildFile; fileRef = 96CCB5EB15968F8000CEC1BD /* NSString+MD5.m */; };
		96CCB5F015968F8000CEC1BD /* NSString+uploadHash.m in Sources */ = {isa = PBXBuildFile; fileRef = 96CCB5ED15968F8000CEC1BD /* NSString+uploadHash.m */; };
		96CCB5F71596AF4200CEC1BD /* TNBRegisterViewController.m in Sources */ = {isa = PBXBuildFile; fileRef = 96CCB5F61596AF4200CEC1BD /* TNBRegisterViewController.m */; };
		96CCB5F91596C5DC00CEC1BD /* tab_bar@2x.png in Resources */ = {isa = PBXBuildFile; fileRef = 96CCB5F81596C5DC00CEC1BD /* tab_bar@2x.png */; };
		96DE21C11596CA1D002E914C /* tab_bar.png in Resources */ = {isa = PBXBuildFile; fileRef = 96DE21C01596CA1D002E914C /* tab_bar.png */; };
		96DE21C51596CD98002E914C /* TNBPullToRefreshTableViewController.m in Sources */ = {isa = PBXBuildFile; fileRef = 96DE21C41596CD98002E914C /* TNBPullToRefreshTableViewController.m */; };
		96DE21C71596D743002E914C /* arrow.png in Resources */ = {isa = PBXBuildFile; fileRef = 96DE21C61596D743002E914C /* arrow.png */; };
		96DE21D21596DE72002E914C /* allStories.png in Resources */ = {isa = PBXBuildFile; fileRef = 96DE21C81596DE72002E914C /* allStories.png */; };
		96DE21D31596DE72002E914C /* allStories@2x.png in Resources */ = {isa = PBXBuildFile; fileRef = 96DE21C91596DE72002E914C /* allStories@2x.png */; };
		96DE21D41596DE72002E914C /* myFavorites.png in Resources */ = {isa = PBXBuildFile; fileRef = 96DE21CA1596DE72002E914C /* myFavorites.png */; };
		96DE21D51596DE72002E914C /* myFavorites@2x.png in Resources */ = {isa = PBXBuildFile; fileRef = 96DE21CB1596DE72002E914C /* myFavorites@2x.png */; };
		96DE21D61596DE72002E914C /* readingList.png in Resources */ = {isa = PBXBuildFile; fileRef = 96DE21CC1596DE72002E914C /* readingList.png */; };
		96DE21D71596DE72002E914C /* readingList@2x.png in Resources */ = {isa = PBXBuildFile; fileRef = 96DE21CD1596DE72002E914C /* readingList@2x.png */; };
		96DE21D81596DE72002E914C /* thisWeek.png in Resources */ = {isa = PBXBuildFile; fileRef = 96DE21CE1596DE72002E914C /* thisWeek.png */; };
		96DE21D91596DE72002E914C /* thisWeek@2x.png in Resources */ = {isa = PBXBuildFile; fileRef = 96DE21CF1596DE72002E914C /* thisWeek@2x.png */; };
		96DE21DA1596DE72002E914C /* topStories.png in Resources */ = {isa = PBXBuildFile; fileRef = 96DE21D01596DE72002E914C /* topStories.png */; };
		96DE21DB1596DE72002E914C /* topStories@2x.png in Resources */ = {isa = PBXBuildFile; fileRef = 96DE21D11596DE72002E914C /* topStories@2x.png */; };
		96E185A51595F9AA00CFB0BF /* UIKit.framework in Frameworks */ = {isa = PBXBuildFile; fileRef = 96E185A41595F9AA00CFB0BF /* UIKit.framework */; };
		96E185A71595F9AA00CFB0BF /* Foundation.framework in Frameworks */ = {isa = PBXBuildFile; fileRef = 96E185A61595F9AA00CFB0BF /* Foundation.framework */; };
		96E185A91595F9AA00CFB0BF /* CoreGraphics.framework in Frameworks */ = {isa = PBXBuildFile; fileRef = 96E185A81595F9AA00CFB0BF /* CoreGraphics.framework */; };
		96E185AF1595F9AA00CFB0BF /* InfoPlist.strings in Resources */ = {isa = PBXBuildFile; fileRef = 96E185AD1595F9AA00CFB0BF /* InfoPlist.strings */; };
		96E185B11595F9AA00CFB0BF /* main.m in Sources */ = {isa = PBXBuildFile; fileRef = 96E185B01595F9AA00CFB0BF /* main.m */; };
		96E185B51595F9AA00CFB0BF /* TNBAppDelegate.m in Sources */ = {isa = PBXBuildFile; fileRef = 96E185B41595F9AA00CFB0BF /* TNBAppDelegate.m */; };
		96E185B81595F9AA00CFB0BF /* MainStoryboard.storyboard in Resources */ = {isa = PBXBuildFile; fileRef = 96E185B61595F9AA00CFB0BF /* MainStoryboard.storyboard */; };
		96E185BB1595F9AA00CFB0BF /* TNBRootViewController.m in Sources */ = {isa = PBXBuildFile; fileRef = 96E185BA1595F9AA00CFB0BF /* TNBRootViewController.m */; };
/* End PBXBuildFile section */

/* Begin PBXFileReference section */
		96CCB5D71596787100CEC1BD /* TNBLoginManager.h */ = {isa = PBXFileReference; fileEncoding = 4; lastKnownFileType = sourcecode.c.h; path = TNBLoginManager.h; sourceTree = "<group>"; };
		96CCB5D81596787100CEC1BD /* TNBLoginManager.m */ = {isa = PBXFileReference; fileEncoding = 4; lastKnownFileType = sourcecode.c.objc; path = TNBLoginManager.m; sourceTree = "<group>"; };
		96CCB5DB1596791C00CEC1BD /* TNBCurrentUser.h */ = {isa = PBXFileReference; fileEncoding = 4; lastKnownFileType = sourcecode.c.h; path = TNBCurrentUser.h; sourceTree = "<group>"; };
		96CCB5DC1596791D00CEC1BD /* TNBCurrentUser.m */ = {isa = PBXFileReference; fileEncoding = 4; lastKnownFileType = sourcecode.c.objc; path = TNBCurrentUser.m; sourceTree = "<group>"; };
		96CCB5DF15967BC700CEC1BD /* TNBLoginViewController.h */ = {isa = PBXFileReference; fileEncoding = 4; lastKnownFileType = sourcecode.c.h; path = TNBLoginViewController.h; sourceTree = "<group>"; };
		96CCB5E015967BC700CEC1BD /* TNBLoginViewController.m */ = {isa = PBXFileReference; fileEncoding = 4; lastKnownFileType = sourcecode.c.objc; path = TNBLoginViewController.m; sourceTree = "<group>"; };
		96CCB5E815968F7F00CEC1BD /* NSString+downloadHash.h */ = {isa = PBXFileReference; fileEncoding = 4; lastKnownFileType = sourcecode.c.h; path = "NSString+downloadHash.h"; sourceTree = "<group>"; };
		96CCB5E915968F8000CEC1BD /* NSString+downloadHash.m */ = {isa = PBXFileReference; fileEncoding = 4; lastKnownFileType = sourcecode.c.objc; path = "NSString+downloadHash.m"; sourceTree = "<group>"; };
		96CCB5EA15968F8000CEC1BD /* NSString+MD5.h */ = {isa = PBXFileReference; fileEncoding = 4; lastKnownFileType = sourcecode.c.h; path = "NSString+MD5.h"; sourceTree = "<group>"; };
		96CCB5EB15968F8000CEC1BD /* NSString+MD5.m */ = {isa = PBXFileReference; fileEncoding = 4; lastKnownFileType = sourcecode.c.objc; path = "NSString+MD5.m"; sourceTree = "<group>"; };
		96CCB5EC15968F8000CEC1BD /* NSString+uploadHash.h */ = {isa = PBXFileReference; fileEncoding = 4; lastKnownFileType = sourcecode.c.h; path = "NSString+uploadHash.h"; sourceTree = "<group>"; };
		96CCB5ED15968F8000CEC1BD /* NSString+uploadHash.m */ = {isa = PBXFileReference; fileEncoding = 4; lastKnownFileType = sourcecode.c.objc; path = "NSString+uploadHash.m"; sourceTree = "<group>"; };
		96CCB5F315968FEF00CEC1BD /* NSStringMods.h */ = {isa = PBXFileReference; fileEncoding = 4; lastKnownFileType = sourcecode.c.h; path = NSStringMods.h; sourceTree = "<group>"; };
		96CCB5F41596907500CEC1BD /* Constants.h */ = {isa = PBXFileReference; fileEncoding = 4; lastKnownFileType = sourcecode.c.h; path = Constants.h; sourceTree = "<group>"; };
		96CCB5F51596AF4200CEC1BD /* TNBRegisterViewController.h */ = {isa = PBXFileReference; fileEncoding = 4; lastKnownFileType = sourcecode.c.h; path = TNBRegisterViewController.h; sourceTree = "<group>"; };
		96CCB5F61596AF4200CEC1BD /* TNBRegisterViewController.m */ = {isa = PBXFileReference; fileEncoding = 4; lastKnownFileType = sourcecode.c.objc; path = TNBRegisterViewController.m; sourceTree = "<group>"; };
		96CCB5F81596C5DC00CEC1BD /* tab_bar@2x.png */ = {isa = PBXFileReference; lastKnownFileType = image.png; path = "tab_bar@2x.png"; sourceTree = "<group>"; };
		96DE21C01596CA1D002E914C /* tab_bar.png */ = {isa = PBXFileReference; lastKnownFileType = image.png; path = tab_bar.png; sourceTree = "<group>"; };
		96DE21C31596CD98002E914C /* TNBPullToRefreshTableViewController.h */ = {isa = PBXFileReference; fileEncoding = 4; lastKnownFileType = sourcecode.c.h; path = TNBPullToRefreshTableViewController.h; sourceTree = "<group>"; };
		96DE21C41596CD98002E914C /* TNBPullToRefreshTableViewController.m */ = {isa = PBXFileReference; fileEncoding = 4; lastKnownFileType = sourcecode.c.objc; path = TNBPullToRefreshTableViewController.m; sourceTree = "<group>"; };
		96DE21C61596D743002E914C /* arrow.png */ = {isa = PBXFileReference; lastKnownFileType = image.png; path = arrow.png; sourceTree = "<group>"; };
		96DE21C81596DE72002E914C /* allStories.png */ = {isa = PBXFileReference; lastKnownFileType = image.png; path = allStories.png; sourceTree = "<group>"; };
		96DE21C91596DE72002E914C /* allStories@2x.png */ = {isa = PBXFileReference; lastKnownFileType = image.png; path = "allStories@2x.png"; sourceTree = "<group>"; };
		96DE21CA1596DE72002E914C /* myFavorites.png */ = {isa = PBXFileReference; lastKnownFileType = image.png; path = myFavorites.png; sourceTree = "<group>"; };
		96DE21CB1596DE72002E914C /* myFavorites@2x.png */ = {isa = PBXFileReference; lastKnownFileType = image.png; path = "myFavorites@2x.png"; sourceTree = "<group>"; };
		96DE21CC1596DE72002E914C /* readingList.png */ = {isa = PBXFileReference; lastKnownFileType = image.png; path = readingList.png; sourceTree = "<group>"; };
		96DE21CD1596DE72002E914C /* readingList@2x.png */ = {isa = PBXFileReference; lastKnownFileType = image.png; path = "readingList@2x.png"; sourceTree = "<group>"; };
		96DE21CE1596DE72002E914C /* thisWeek.png */ = {isa = PBXFileReference; lastKnownFileType = image.png; path = thisWeek.png; sourceTree = "<group>"; };
		96DE21CF1596DE72002E914C /* thisWeek@2x.png */ = {isa = PBXFileReference; lastKnownFileType = image.png; path = "thisWeek@2x.png"; sourceTree = "<group>"; };
		96DE21D01596DE72002E914C /* topStories.png */ = {isa = PBXFileReference; lastKnownFileType = image.png; path = topStories.png; sourceTree = "<group>"; };
		96DE21D11596DE72002E914C /* topStories@2x.png */ = {isa = PBXFileReference; lastKnownFileType = image.png; path = "topStories@2x.png"; sourceTree = "<group>"; };
		96E185A01595F9AA00CFB0BF /* Natarre.app */ = {isa = PBXFileReference; explicitFileType = wrapper.application; includeInIndex = 0; path = Natarre.app; sourceTree = BUILT_PRODUCTS_DIR; };
		96E185A41595F9AA00CFB0BF /* UIKit.framework */ = {isa = PBXFileReference; lastKnownFileType = wrapper.framework; name = UIKit.framework; path = System/Library/Frameworks/UIKit.framework; sourceTree = SDKROOT; };
		96E185A61595F9AA00CFB0BF /* Foundation.framework */ = {isa = PBXFileReference; lastKnownFileType = wrapper.framework; name = Foundation.framework; path = System/Library/Frameworks/Foundation.framework; sourceTree = SDKROOT; };
		96E185A81595F9AA00CFB0BF /* CoreGraphics.framework */ = {isa = PBXFileReference; lastKnownFileType = wrapper.framework; name = CoreGraphics.framework; path = System/Library/Frameworks/CoreGraphics.framework; sourceTree = SDKROOT; };
		96E185AC1595F9AA00CFB0BF /* Natarre-Info.plist */ = {isa = PBXFileReference; lastKnownFileType = text.plist.xml; path = "Natarre-Info.plist"; sourceTree = "<group>"; };
		96E185AE1595F9AA00CFB0BF /* en */ = {isa = PBXFileReference; lastKnownFileType = text.plist.strings; name = en; path = en.lproj/InfoPlist.strings; sourceTree = "<group>"; };
		96E185B01595F9AA00CFB0BF /* main.m */ = {isa = PBXFileReference; lastKnownFileType = sourcecode.c.objc; path = main.m; sourceTree = "<group>"; };
		96E185B21595F9AA00CFB0BF /* Natarre-Prefix.pch */ = {isa = PBXFileReference; lastKnownFileType = sourcecode.c.h; path = "Natarre-Prefix.pch"; sourceTree = "<group>"; };
		96E185B31595F9AA00CFB0BF /* TNBAppDelegate.h */ = {isa = PBXFileReference; lastKnownFileType = sourcecode.c.h; path = TNBAppDelegate.h; sourceTree = "<group>"; };
		96E185B41595F9AA00CFB0BF /* TNBAppDelegate.m */ = {isa = PBXFileReference; lastKnownFileType = sourcecode.c.objc; path = TNBAppDelegate.m; sourceTree = "<group>"; };
		96E185B71595F9AA00CFB0BF /* en */ = {isa = PBXFileReference; lastKnownFileType = file.storyboard; name = en; path = en.lproj/MainStoryboard.storyboard; sourceTree = "<group>"; };
		96E185B91595F9AA00CFB0BF /* TNBRootViewController.h */ = {isa = PBXFileReference; lastKnownFileType = sourcecode.c.h; path = TNBRootViewController.h; sourceTree = "<group>"; };
		96E185BA1595F9AA00CFB0BF /* TNBRootViewController.m */ = {isa = PBXFileReference; lastKnownFileType = sourcecode.c.objc; path = TNBRootViewController.m; sourceTree = "<group>"; };
/* End PBXFileReference section */

/* Begin PBXFrameworksBuildPhase section */
		96E1859D1595F9AA00CFB0BF /* Frameworks */ = {
			isa = PBXFrameworksBuildPhase;
			buildActionMask = 2147483647;
			files = (
				96E185A51595F9AA00CFB0BF /* UIKit.framework in Frameworks */,
				96E185A71595F9AA00CFB0BF /* Foundation.framework in Frameworks */,
				96E185A91595F9AA00CFB0BF /* CoreGraphics.framework in Frameworks */,
			);
			runOnlyForDeploymentPostprocessing = 0;
		};
/* End PBXFrameworksBuildPhase section */

/* Begin PBXGroup section */
		96CCB5DA1596787900CEC1BD /* Model Objects */ = {
			isa = PBXGroup;
			children = (
				96CCB5DB1596791C00CEC1BD /* TNBCurrentUser.h */,
				96CCB5DC1596791D00CEC1BD /* TNBCurrentUser.m */,
			);
			name = "Model Objects";
			sourceTree = "<group>";
		};
		96CCB5DE1596793100CEC1BD /* Managers */ = {
			isa = PBXGroup;
			children = (
				96CCB5D71596787100CEC1BD /* TNBLoginManager.h */,
				96CCB5D81596787100CEC1BD /* TNBLoginManager.m */,
			);
			name = Managers;
			sourceTree = "<group>";
		};
		96CCB5E215967BCD00CEC1BD /* View Controllers */ = {
			isa = PBXGroup;
			children = (
				96E185B91595F9AA00CFB0BF /* TNBRootViewController.h */,
				96E185BA1595F9AA00CFB0BF /* TNBRootViewController.m */,
				96DE21C31596CD98002E914C /* TNBPullToRefreshTableViewController.h */,
				96DE21C41596CD98002E914C /* TNBPullToRefreshTableViewController.m */,
				96CCB5E315967BD900CEC1BD /* Login VC's */,
			);
			name = "View Controllers";
			sourceTree = "<group>";
		};
		96CCB5E315967BD900CEC1BD /* Login VC's */ = {
			isa = PBXGroup;
			children = (
				96CCB5DF15967BC700CEC1BD /* TNBLoginViewController.h */,
				96CCB5E015967BC700CEC1BD /* TNBLoginViewController.m */,
				96CCB5F51596AF4200CEC1BD /* TNBRegisterViewController.h */,
				96CCB5F61596AF4200CEC1BD /* TNBRegisterViewController.m */,
			);
			name = "Login VC's";
			sourceTree = "<group>";
		};
		96CCB5F115968F8600CEC1BD /* Categories */ = {
			isa = PBXGroup;
			children = (
				96CCB5E815968F7F00CEC1BD /* NSString+downloadHash.h */,
				96CCB5E915968F8000CEC1BD /* NSString+downloadHash.m */,
				96CCB5EA15968F8000CEC1BD /* NSString+MD5.h */,
				96CCB5EB15968F8000CEC1BD /* NSString+MD5.m */,
				96CCB5EC15968F8000CEC1BD /* NSString+uploadHash.h */,
				96CCB5ED15968F8000CEC1BD /* NSString+uploadHash.m */,
			);
			name = Categories;
			sourceTree = "<group>";
		};
		96CCB5FA1596C5E200CEC1BD /* Images */ = {
			isa = PBXGroup;
			children = (
				96DE21DC1596DE79002E914C /* Tab Bar Buttons */,
				96DE21C61596D743002E914C /* arrow.png */,
				96DE21C01596CA1D002E914C /* tab_bar.png */,
				96CCB5F81596C5DC00CEC1BD /* tab_bar@2x.png */,
			);
			name = Images;
			sourceTree = "<group>";
		};
		96DE21DC1596DE79002E914C /* Tab Bar Buttons */ = {
			isa = PBXGroup;
			children = (
				96DE21C81596DE72002E914C /* allStories.png */,
				96DE21C91596DE72002E914C /* allStories@2x.png */,
				96DE21CA1596DE72002E914C /* myFavorites.png */,
				96DE21CB1596DE72002E914C /* myFavorites@2x.png */,
				96DE21CC1596DE72002E914C /* readingList.png */,
				96DE21CD1596DE72002E914C /* readingList@2x.png */,
				96DE21CE1596DE72002E914C /* thisWeek.png */,
				96DE21CF1596DE72002E914C /* thisWeek@2x.png */,
				96DE21D01596DE72002E914C /* topStories.png */,
				96DE21D11596DE72002E914C /* topStories@2x.png */,
			);
			name = "Tab Bar Buttons";
			sourceTree = "<group>";
		};
		96E185951595F9AA00CFB0BF = {
			isa = PBXGroup;
			children = (
				96E185AA1595F9AA00CFB0BF /* Natarre */,
				96E185A31595F9AA00CFB0BF /* Frameworks */,
				96E185A11595F9AA00CFB0BF /* Products */,
			);
			sourceTree = "<group>";
		};
		96E185A11595F9AA00CFB0BF /* Products */ = {
			isa = PBXGroup;
			children = (
				96E185A01595F9AA00CFB0BF /* Natarre.app */,
			);
			name = Products;
			sourceTree = "<group>";
		};
		96E185A31595F9AA00CFB0BF /* Frameworks */ = {
			isa = PBXGroup;
			children = (
				96E185A41595F9AA00CFB0BF /* UIKit.framework */,
				96E185A61595F9AA00CFB0BF /* Foundation.framework */,
				96E185A81595F9AA00CFB0BF /* CoreGraphics.framework */,
			);
			name = Frameworks;
			sourceTree = "<group>";
		};
		96E185AA1595F9AA00CFB0BF /* Natarre */ = {
			isa = PBXGroup;
			children = (
				96CCB5F41596907500CEC1BD /* Constants.h */,
				96CCB5F315968FEF00CEC1BD /* NSStringMods.h */,
				96E185B31595F9AA00CFB0BF /* TNBAppDelegate.h */,
				96E185B41595F9AA00CFB0BF /* TNBAppDelegate.m */,
				96E185B61595F9AA00CFB0BF /* MainStoryboard.storyboard */,
				96CCB5E215967BCD00CEC1BD /* View Controllers */,
				96CCB5DE1596793100CEC1BD /* Managers */,
				96CCB5DA1596787900CEC1BD /* Model Objects */,
				96CCB5F115968F8600CEC1BD /* Categories */,
				96E185AB1595F9AA00CFB0BF /* Supporting Files */,
			);
			path = Natarre;
			sourceTree = "<group>";
		};
		96E185AB1595F9AA00CFB0BF /* Supporting Files */ = {
			isa = PBXGroup;
			children = (
				96CCB5FA1596C5E200CEC1BD /* Images */,
				96E185AC1595F9AA00CFB0BF /* Natarre-Info.plist */,
				96E185AD1595F9AA00CFB0BF /* InfoPlist.strings */,
				96E185B01595F9AA00CFB0BF /* main.m */,
				96E185B21595F9AA00CFB0BF /* Natarre-Prefix.pch */,
			);
			name = "Supporting Files";
			sourceTree = "<group>";
		};
/* End PBXGroup section */

/* Begin PBXNativeTarget section */
		96E1859F1595F9AA00CFB0BF /* Natarre */ = {
			isa = PBXNativeTarget;
			buildConfigurationList = 96E185BE1595F9AA00CFB0BF /* Build configuration list for PBXNativeTarget "Natarre" */;
			buildPhases = (
				96E1859C1595F9AA00CFB0BF /* Sources */,
				96E1859D1595F9AA00CFB0BF /* Frameworks */,
				96E1859E1595F9AA00CFB0BF /* Resources */,
			);
			buildRules = (
			);
			dependencies = (
			);
			name = Natarre;
			productName = Natarre;
			productReference = 96E185A01595F9AA00CFB0BF /* Natarre.app */;
			productType = "com.apple.product-type.application";
		};
/* End PBXNativeTarget section */

/* Begin PBXProject section */
		96E185971595F9AA00CFB0BF /* Project object */ = {
			isa = PBXProject;
			attributes = {
				CLASSPREFIX = TNB;
				LastUpgradeCheck = 0430;
				ORGANIZATIONNAME = "Nate Beatty";
			};
			buildConfigurationList = 96E1859A1595F9AA00CFB0BF /* Build configuration list for PBXProject "Natarre" */;
			compatibilityVersion = "Xcode 3.2";
			developmentRegion = English;
			hasScannedForEncodings = 0;
			knownRegions = (
				en,
			);
			mainGroup = 96E185951595F9AA00CFB0BF;
			productRefGroup = 96E185A11595F9AA00CFB0BF /* Products */;
			projectDirPath = "";
			projectRoot = "";
			targets = (
				96E1859F1595F9AA00CFB0BF /* Natarre */,
			);
		};
/* End PBXProject section */

/* Begin PBXResourcesBuildPhase section */
		96E1859E1595F9AA00CFB0BF /* Resources */ = {
			isa = PBXResourcesBuildPhase;
			buildActionMask = 2147483647;
			files = (
				96E185AF1595F9AA00CFB0BF /* InfoPlist.strings in Resources */,
				96E185B81595F9AA00CFB0BF /* MainStoryboard.storyboard in Resources */,
				96CCB5F91596C5DC00CEC1BD /* tab_bar@2x.png in Resources */,
				96DE21C11596CA1D002E914C /* tab_bar.png in Resources */,
				96DE21C71596D743002E914C /* arrow.png in Resources */,
				96DE21D21596DE72002E914C /* allStories.png in Resources */,
				96DE21D31596DE72002E914C /* allStories@2x.png in Resources */,
				96DE21D41596DE72002E914C /* myFavorites.png in Resources */,
				96DE21D51596DE72002E914C /* myFavorites@2x.png in Resources */,
				96DE21D61596DE72002E914C /* readingList.png in Resources */,
				96DE21D71596DE72002E914C /* readingList@2x.png in Resources */,
				96DE21D81596DE72002E914C /* thisWeek.png in Resources */,
				96DE21D91596DE72002E914C /* thisWeek@2x.png in Resources */,
				96DE21DA1596DE72002E914C /* topStories.png in Resources */,
				96DE21DB1596DE72002E914C /* topStories@2x.png in Resources */,
			);
			runOnlyForDeploymentPostprocessing = 0;
		};
/* End PBXResourcesBuildPhase section */

/* Begin PBXSourcesBuildPhase section */
		96E1859C1595F9AA00CFB0BF /* Sources */ = {
			isa = PBXSourcesBuildPhase;
			buildActionMask = 2147483647;
			files = (
				96E185B11595F9AA00CFB0BF /* main.m in Sources */,
				96E185B51595F9AA00CFB0BF /* TNBAppDelegate.m in Sources */,
				96E185BB1595F9AA00CFB0BF /* TNBRootViewController.m in Sources */,
				96CCB5D91596787100CEC1BD /* TNBLoginManager.m in Sources */,
				96CCB5DD1596791D00CEC1BD /* TNBCurrentUser.m in Sources */,
				96CCB5E115967BC700CEC1BD /* TNBLoginViewController.m in Sources */,
				96CCB5EE15968F8000CEC1BD /* NSString+downloadHash.m in Sources */,
				96CCB5EF15968F8000CEC1BD /* NSString+MD5.m in Sources */,
				96CCB5F015968F8000CEC1BD /* NSString+uploadHash.m in Sources */,
				96CCB5F71596AF4200CEC1BD /* TNBRegisterViewController.m in Sources */,
				96DE21C51596CD98002E914C /* TNBPullToRefreshTableViewController.m in Sources */,
			);
			runOnlyForDeploymentPostprocessing = 0;
		};
/* End PBXSourcesBuildPhase section */

/* Begin PBXVariantGroup section */
		96E185AD1595F9AA00CFB0BF /* InfoPlist.strings */ = {
			isa = PBXVariantGroup;
			children = (
				96E185AE1595F9AA00CFB0BF /* en */,
			);
			name = InfoPlist.strings;
			sourceTree = "<group>";
		};
		96E185B61595F9AA00CFB0BF /* MainStoryboard.storyboard */ = {
			isa = PBXVariantGroup;
			children = (
				96E185B71595F9AA00CFB0BF /* en */,
			);
			name = MainStoryboard.storyboard;
			sourceTree = "<group>";
		};
/* End PBXVariantGroup section */

/* Begin XCBuildConfiguration section */
		96E185BC1595F9AA00CFB0BF /* Debug */ = {
			isa = XCBuildConfiguration;
			buildSettings = {
				ALWAYS_SEARCH_USER_PATHS = NO;
				ARCHS = "$(ARCHS_STANDARD_32_BIT)";
				CLANG_ENABLE_OBJC_ARC = YES;
				"CODE_SIGN_IDENTITY[sdk=iphoneos*]" = "iPhone Developer";
				COPY_PHASE_STRIP = NO;
				GCC_C_LANGUAGE_STANDARD = gnu99;
				GCC_DYNAMIC_NO_PIC = NO;
				GCC_OPTIMIZATION_LEVEL = 0;
				GCC_PREPROCESSOR_DEFINITIONS = (
					"DEBUG=1",
					"$(inherited)",
				);
				GCC_SYMBOLS_PRIVATE_EXTERN = NO;
				GCC_VERSION = com.apple.compilers.llvm.clang.1_0;
				GCC_WARN_ABOUT_RETURN_TYPE = YES;
				GCC_WARN_UNINITIALIZED_AUTOS = YES;
				GCC_WARN_UNUSED_VARIABLE = YES;
				IPHONEOS_DEPLOYMENT_TARGET = 5.1;
				SDKROOT = iphoneos;
			};
			name = Debug;
		};
		96E185BD1595F9AA00CFB0BF /* Release */ = {
			isa = XCBuildConfiguration;
			buildSettings = {
				ALWAYS_SEARCH_USER_PATHS = NO;
				ARCHS = "$(ARCHS_STANDARD_32_BIT)";
				CLANG_ENABLE_OBJC_ARC = YES;
				"CODE_SIGN_IDENTITY[sdk=iphoneos*]" = "iPhone Developer";
				COPY_PHASE_STRIP = YES;
				GCC_C_LANGUAGE_STANDARD = gnu99;
				GCC_VERSION = com.apple.compilers.llvm.clang.1_0;
				GCC_WARN_ABOUT_RETURN_TYPE = YES;
				GCC_WARN_UNINITIALIZED_AUTOS = YES;
				GCC_WARN_UNUSED_VARIABLE = YES;
				IPHONEOS_DEPLOYMENT_TARGET = 5.1;
				OTHER_CFLAGS = "-DNS_BLOCK_ASSERTIONS=1";
				SDKROOT = iphoneos;
				VALIDATE_PRODUCT = YES;
			};
			name = Release;
		};
		96E185BF1595F9AA00CFB0BF /* Debug */ = {
			isa = XCBuildConfiguration;
			buildSettings = {
				GCC_PRECOMPILE_PREFIX_HEADER = YES;
				GCC_PREFIX_HEADER = "Natarre/Natarre-Prefix.pch";
				INFOPLIST_FILE = "Natarre/Natarre-Info.plist";
				PRODUCT_NAME = "$(TARGET_NAME)";
				WRAPPER_EXTENSION = app;
			};
			name = Debug;
		};
		96E185C01595F9AA00CFB0BF /* Release */ = {
			isa = XCBuildConfiguration;
			buildSettings = {
				CODE_SIGN_IDENTITY = "iPhone Distribution: Thomas Beatty";
				GCC_PRECOMPILE_PREFIX_HEADER = YES;
				GCC_PREFIX_HEADER = "Natarre/Natarre-Prefix.pch";
				INFOPLIST_FILE = "Natarre/Natarre-Info.plist";
				PRODUCT_NAME = "$(TARGET_NAME)";
				PROVISIONING_PROFILE = "59CF7DD2-0276-4422-9E5B-5801A206285D";
				WRAPPER_EXTENSION = app;
			};
			name = Release;
		};
/* End XCBuildConfiguration section */

/* Begin XCConfigurationList section */
		96E1859A1595F9AA00CFB0BF /* Build configuration list for PBXProject "Natarre" */ = {
			isa = XCConfigurationList;
			buildConfigurations = (
				96E185BC1595F9AA00CFB0BF /* Debug */,
				96E185BD1595F9AA00CFB0BF /* Release */,
			);
			defaultConfigurationIsVisible = 0;
			defaultConfigurationName = Release;
		};
		96E185BE1595F9AA00CFB0BF /* Build configuration list for PBXNativeTarget "Natarre" */ = {
			isa = XCConfigurationList;
			buildConfigurations = (
				96E185BF1595F9AA00CFB0BF /* Debug */,
				96E185C01595F9AA00CFB0BF /* Release */,
			);
			defaultConfigurationIsVisible = 0;
			defaultConfigurationName = Release;
		};
/* End XCConfigurationList section */
	};
	rootObject = 96E185971595F9AA00CFB0BF /* Project object */;
}
